
Microsoft Visual Studio Solution File, Format Version 12.00
# Visual Studio Version 17
VisualStudioVersion = 17.5.33424.131
MinimumVisualStudioVersion = 10.0.40219.1
Project("{FAE04EC0-301F-11D3-BF4B-00C04F79EFBC}") = "BarcodeOlusturma", "BarcodeOlusturma\BarcodeOlusturma.csproj", "{336B7A33-7DCF-41C4-9FE4-5D34C370D01A}"
EndProject
Global
	GlobalSection(SolutionConfigurationPlatforms) = preSolution
		Debug|Any CPU = Debug|Any CPU
		Release|Any CPU = Release|Any CPU
	EndGlobalSection
	GlobalSection(ProjectConfigurationPlatforms) = postSolution
		{336B7A33-7DCF-41C4-9FE4-5D34C370D01A}.Debug|Any CPU.ActiveCfg = Debug|Any CPU
		{336B7A33-7DCF-41C4-9FE4-5D34C370D01A}.Debug|Any CPU.Build.0 = Debug|Any CPU
		{336B7A33-7DCF-41C4-9FE4-5D34C370D01A}.Release|Any CPU.ActiveCfg = Release|Any CPU
		{336B7A33-7DCF-41C4-9FE4-5D34C370D01A}.Release|Any CPU.Build.0 = Release|Any CPU
	EndGlobalSection
	GlobalSection(SolutionProperties) = preSolution
		HideSolutionNode = FALSE
	EndGlobalSection
	GlobalSection(ExtensibilityGlobals) = postSolution
		SolutionGuid = {5D9D8A2C-DC7E-48A2-B1B8-4045239AFC91}
	EndGlobalSection
EndGlobal
